
Microsoft Visual Studio Solution File, Format Version 12.00
# Visual Studio Version 16
VisualStudioVersion = 16.0.29509.3
MinimumVisualStudioVersion = 10.0.40219.1
Project("{FAE04EC0-301F-11D3-BF4B-00C04F79EFBC}") = "ConversaoImplicitaECasting", "ConversaoImplicitaECasting\ConversaoImplicitaECasting.csproj", "{09A0BFD8-94C0-418F-AF26-F2E266172E39}"
EndProject
Global
	GlobalSection(SolutionConfigurationPlatforms) = preSolution
		Debug|Any CPU = Debug|Any CPU
		Release|Any CPU = Release|Any CPU
	EndGlobalSection
	GlobalSection(ProjectConfigurationPlatforms) = postSolution
		{09A0BFD8-94C0-418F-AF26-F2E266172E39}.Debug|Any CPU.ActiveCfg = Debug|Any CPU
		{09A0BFD8-94C0-418F-AF26-F2E266172E39}.Debug|Any CPU.Build.0 = Debug|Any CPU
		{09A0BFD8-94C0-418F-AF26-F2E266172E39}.Release|Any CPU.ActiveCfg = Release|Any CPU
		{09A0BFD8-94C0-418F-AF26-F2E266172E39}.Release|Any CPU.Build.0 = Release|Any CPU
	EndGlobalSection
	GlobalSection(SolutionProperties) = preSolution
		HideSolutionNode = FALSE
	EndGlobalSection
	GlobalSection(ExtensibilityGlobals) = postSolution
		SolutionGuid = {466AEBF5-80C1-4141-8F24-BEA824D30A77}
	EndGlobalSection
EndGlobal
