
Microsoft Visual Studio Solution File, Format Version 12.00
# Visual Studio Version 16
VisualStudioVersion = 16.0.29509.3
MinimumVisualStudioVersion = 10.0.40219.1
Project("{FAE04EC0-301F-11D3-BF4B-00C04F79EFBC}") = "EstruturaWhile", "EstruturaWhile\EstruturaWhile.csproj", "{73588971-A2F4-4B0D-9A16-4F5DE6CEE630}"
EndProject
Global
	GlobalSection(SolutionConfigurationPlatforms) = preSolution
		Debug|Any CPU = Debug|Any CPU
		Release|Any CPU = Release|Any CPU
	EndGlobalSection
	GlobalSection(ProjectConfigurationPlatforms) = postSolution
		{73588971-A2F4-4B0D-9A16-4F5DE6CEE630}.Debug|Any CPU.ActiveCfg = Debug|Any CPU
		{73588971-A2F4-4B0D-9A16-4F5DE6CEE630}.Debug|Any CPU.Build.0 = Debug|Any CPU
		{73588971-A2F4-4B0D-9A16-4F5DE6CEE630}.Release|Any CPU.ActiveCfg = Release|Any CPU
		{73588971-A2F4-4B0D-9A16-4F5DE6CEE630}.Release|Any CPU.Build.0 = Release|Any CPU
	EndGlobalSection
	GlobalSection(SolutionProperties) = preSolution
		HideSolutionNode = FALSE
	EndGlobalSection
	GlobalSection(ExtensibilityGlobals) = postSolution
		SolutionGuid = {719A8F29-CA71-4BEA-A3CD-7B4CFCB904FD}
	EndGlobalSection
EndGlobal
