
Microsoft Visual Studio Solution File, Format Version 12.00
# Visual Studio Version 16
VisualStudioVersion = 16.0.29509.3
MinimumVisualStudioVersion = 10.0.40219.1
Project("{FAE04EC0-301F-11D3-BF4B-00C04F79EFBC}") = "EntradaDeDadosExercicio", "EntradaDeDadosExercicio\EntradaDeDadosExercicio.csproj", "{DD28BDFC-D54A-48FC-B319-0936AF6A9A19}"
EndProject
Global
	GlobalSection(SolutionConfigurationPlatforms) = preSolution
		Debug|Any CPU = Debug|Any CPU
		Release|Any CPU = Release|Any CPU
	EndGlobalSection
	GlobalSection(ProjectConfigurationPlatforms) = postSolution
		{DD28BDFC-D54A-48FC-B319-0936AF6A9A19}.Debug|Any CPU.ActiveCfg = Debug|Any CPU
		{DD28BDFC-D54A-48FC-B319-0936AF6A9A19}.Debug|Any CPU.Build.0 = Debug|Any CPU
		{DD28BDFC-D54A-48FC-B319-0936AF6A9A19}.Release|Any CPU.ActiveCfg = Release|Any CPU
		{DD28BDFC-D54A-48FC-B319-0936AF6A9A19}.Release|Any CPU.Build.0 = Release|Any CPU
	EndGlobalSection
	GlobalSection(SolutionProperties) = preSolution
		HideSolutionNode = FALSE
	EndGlobalSection
	GlobalSection(ExtensibilityGlobals) = postSolution
		SolutionGuid = {2645BB03-0BFB-4CDC-97EB-7035D77FA756}
	EndGlobalSection
EndGlobal
