
Microsoft Visual Studio Solution File, Format Version 12.00
# Visual Studio Version 16
VisualStudioVersion = 16.0.29509.3
MinimumVisualStudioVersion = 10.0.40219.1
Project("{FAE04EC0-301F-11D3-BF4B-00C04F79EFBC}") = "ListaEstruturadeDadosIfElse", "ListaEstruturadeDadosIfElse\ListaEstruturadeDadosIfElse.csproj", "{6BCC6875-0F1B-42D8-B1BB-D36C391D211C}"
EndProject
Global
	GlobalSection(SolutionConfigurationPlatforms) = preSolution
		Debug|Any CPU = Debug|Any CPU
		Release|Any CPU = Release|Any CPU
	EndGlobalSection
	GlobalSection(ProjectConfigurationPlatforms) = postSolution
		{6BCC6875-0F1B-42D8-B1BB-D36C391D211C}.Debug|Any CPU.ActiveCfg = Debug|Any CPU
		{6BCC6875-0F1B-42D8-B1BB-D36C391D211C}.Debug|Any CPU.Build.0 = Debug|Any CPU
		{6BCC6875-0F1B-42D8-B1BB-D36C391D211C}.Release|Any CPU.ActiveCfg = Release|Any CPU
		{6BCC6875-0F1B-42D8-B1BB-D36C391D211C}.Release|Any CPU.Build.0 = Release|Any CPU
	EndGlobalSection
	GlobalSection(SolutionProperties) = preSolution
		HideSolutionNode = FALSE
	EndGlobalSection
	GlobalSection(ExtensibilityGlobals) = postSolution
		SolutionGuid = {510FE417-72A8-47B3-B849-B958D49B8DE3}
	EndGlobalSection
EndGlobal
