
Microsoft Visual Studio Solution File, Format Version 12.00
# Visual Studio Version 16
VisualStudioVersion = 16.0.29509.3
MinimumVisualStudioVersion = 10.0.40219.1
Project("{FAE04EC0-301F-11D3-BF4B-00C04F79EFBC}") = "SaidadDeDados", "SaidadDeDados\SaidadDeDados.csproj", "{A9456A11-47A7-4866-A88B-F4BB4F84A263}"
EndProject
Global
	GlobalSection(SolutionConfigurationPlatforms) = preSolution
		Debug|Any CPU = Debug|Any CPU
		Release|Any CPU = Release|Any CPU
	EndGlobalSection
	GlobalSection(ProjectConfigurationPlatforms) = postSolution
		{A9456A11-47A7-4866-A88B-F4BB4F84A263}.Debug|Any CPU.ActiveCfg = Debug|Any CPU
		{A9456A11-47A7-4866-A88B-F4BB4F84A263}.Debug|Any CPU.Build.0 = Debug|Any CPU
		{A9456A11-47A7-4866-A88B-F4BB4F84A263}.Release|Any CPU.ActiveCfg = Release|Any CPU
		{A9456A11-47A7-4866-A88B-F4BB4F84A263}.Release|Any CPU.Build.0 = Release|Any CPU
	EndGlobalSection
	GlobalSection(SolutionProperties) = preSolution
		HideSolutionNode = FALSE
	EndGlobalSection
	GlobalSection(ExtensibilityGlobals) = postSolution
		SolutionGuid = {58F99DA4-AE6B-4BD1-8EC7-6C33782BE1EC}
	EndGlobalSection
EndGlobal
