
Microsoft Visual Studio Solution File, Format Version 12.00
# Visual Studio Version 16
VisualStudioVersion = 16.0.29509.3
MinimumVisualStudioVersion = 10.0.40219.1
Project("{FAE04EC0-301F-11D3-BF4B-00C04F79EFBC}") = "CondicaoTernaria", "CondicaoTernaria\CondicaoTernaria.csproj", "{ABBC3CAC-D7C8-4EE4-AC19-6E74895E8FF8}"
EndProject
Global
	GlobalSection(SolutionConfigurationPlatforms) = preSolution
		Debug|Any CPU = Debug|Any CPU
		Release|Any CPU = Release|Any CPU
	EndGlobalSection
	GlobalSection(ProjectConfigurationPlatforms) = postSolution
		{ABBC3CAC-D7C8-4EE4-AC19-6E74895E8FF8}.Debug|Any CPU.ActiveCfg = Debug|Any CPU
		{ABBC3CAC-D7C8-4EE4-AC19-6E74895E8FF8}.Debug|Any CPU.Build.0 = Debug|Any CPU
		{ABBC3CAC-D7C8-4EE4-AC19-6E74895E8FF8}.Release|Any CPU.ActiveCfg = Release|Any CPU
		{ABBC3CAC-D7C8-4EE4-AC19-6E74895E8FF8}.Release|Any CPU.Build.0 = Release|Any CPU
	EndGlobalSection
	GlobalSection(SolutionProperties) = preSolution
		HideSolutionNode = FALSE
	EndGlobalSection
	GlobalSection(ExtensibilityGlobals) = postSolution
		SolutionGuid = {5FA98746-C315-4505-98E6-70BC1A742EA2}
	EndGlobalSection
EndGlobal
