
Microsoft Visual Studio Solution File, Format Version 12.00
# Visual Studio Version 16
VisualStudioVersion = 16.0.29509.3
MinimumVisualStudioVersion = 10.0.40219.1
Project("{FAE04EC0-301F-11D3-BF4B-00C04F79EFBC}") = "EnrtadaDedados", "EnrtadaDedados\EnrtadaDedados.csproj", "{D7BC0F11-3298-44E9-8152-7D883499CBFF}"
EndProject
Global
	GlobalSection(SolutionConfigurationPlatforms) = preSolution
		Debug|Any CPU = Debug|Any CPU
		Release|Any CPU = Release|Any CPU
	EndGlobalSection
	GlobalSection(ProjectConfigurationPlatforms) = postSolution
		{D7BC0F11-3298-44E9-8152-7D883499CBFF}.Debug|Any CPU.ActiveCfg = Debug|Any CPU
		{D7BC0F11-3298-44E9-8152-7D883499CBFF}.Debug|Any CPU.Build.0 = Debug|Any CPU
		{D7BC0F11-3298-44E9-8152-7D883499CBFF}.Release|Any CPU.ActiveCfg = Release|Any CPU
		{D7BC0F11-3298-44E9-8152-7D883499CBFF}.Release|Any CPU.Build.0 = Release|Any CPU
	EndGlobalSection
	GlobalSection(SolutionProperties) = preSolution
		HideSolutionNode = FALSE
	EndGlobalSection
	GlobalSection(ExtensibilityGlobals) = postSolution
		SolutionGuid = {8B869D10-0049-4959-9342-C5B040F75019}
	EndGlobalSection
EndGlobal
