
Microsoft Visual Studio Solution File, Format Version 12.00
# Visual Studio Version 16
VisualStudioVersion = 16.0.29509.3
MinimumVisualStudioVersion = 10.0.40219.1
Project("{FAE04EC0-301F-11D3-BF4B-00C04F79EFBC}") = "ExercicioMembrosEstaticos", "ExercicioMembrosEstaticos\ExercicioMembrosEstaticos.csproj", "{C1B7AC2E-5289-4E7F-8A6C-43807C115766}"
EndProject
Global
	GlobalSection(SolutionConfigurationPlatforms) = preSolution
		Debug|Any CPU = Debug|Any CPU
		Release|Any CPU = Release|Any CPU
	EndGlobalSection
	GlobalSection(ProjectConfigurationPlatforms) = postSolution
		{C1B7AC2E-5289-4E7F-8A6C-43807C115766}.Debug|Any CPU.ActiveCfg = Debug|Any CPU
		{C1B7AC2E-5289-4E7F-8A6C-43807C115766}.Debug|Any CPU.Build.0 = Debug|Any CPU
		{C1B7AC2E-5289-4E7F-8A6C-43807C115766}.Release|Any CPU.ActiveCfg = Release|Any CPU
		{C1B7AC2E-5289-4E7F-8A6C-43807C115766}.Release|Any CPU.Build.0 = Release|Any CPU
	EndGlobalSection
	GlobalSection(SolutionProperties) = preSolution
		HideSolutionNode = FALSE
	EndGlobalSection
	GlobalSection(ExtensibilityGlobals) = postSolution
		SolutionGuid = {1557D498-AB9A-42C0-B135-50B1BDFD1DF6}
	EndGlobalSection
EndGlobal
