
Microsoft Visual Studio Solution File, Format Version 12.00
# Visual Studio Version 16
VisualStudioVersion = 16.0.29509.3
MinimumVisualStudioVersion = 10.0.40219.1
Project("{FAE04EC0-301F-11D3-BF4B-00C04F79EFBC}") = "TIposReferenciaseTiposValores", "TIposReferenciaseTiposValores\TIposReferenciaseTiposValores.csproj", "{031230C3-27A0-4974-B99C-91E37CCF678A}"
EndProject
Global
	GlobalSection(SolutionConfigurationPlatforms) = preSolution
		Debug|Any CPU = Debug|Any CPU
		Release|Any CPU = Release|Any CPU
	EndGlobalSection
	GlobalSection(ProjectConfigurationPlatforms) = postSolution
		{031230C3-27A0-4974-B99C-91E37CCF678A}.Debug|Any CPU.ActiveCfg = Debug|Any CPU
		{031230C3-27A0-4974-B99C-91E37CCF678A}.Debug|Any CPU.Build.0 = Debug|Any CPU
		{031230C3-27A0-4974-B99C-91E37CCF678A}.Release|Any CPU.ActiveCfg = Release|Any CPU
		{031230C3-27A0-4974-B99C-91E37CCF678A}.Release|Any CPU.Build.0 = Release|Any CPU
	EndGlobalSection
	GlobalSection(SolutionProperties) = preSolution
		HideSolutionNode = FALSE
	EndGlobalSection
	GlobalSection(ExtensibilityGlobals) = postSolution
		SolutionGuid = {EB06F9ED-4C65-4EA6-8814-DF6109A44026}
	EndGlobalSection
EndGlobal
