
Microsoft Visual Studio Solution File, Format Version 12.00
# Visual Studio Version 16
VisualStudioVersion = 16.0.29509.3
MinimumVisualStudioVersion = 10.0.40219.1
Project("{FAE04EC0-301F-11D3-BF4B-00C04F79EFBC}") = "ListaEstruturaSequencial", "ListaEstruturaSequencial\ListaEstruturaSequencial.csproj", "{AFDE691E-07F4-44AD-B64B-025BCE3C1CC5}"
EndProject
Global
	GlobalSection(SolutionConfigurationPlatforms) = preSolution
		Debug|Any CPU = Debug|Any CPU
		Release|Any CPU = Release|Any CPU
	EndGlobalSection
	GlobalSection(ProjectConfigurationPlatforms) = postSolution
		{AFDE691E-07F4-44AD-B64B-025BCE3C1CC5}.Debug|Any CPU.ActiveCfg = Debug|Any CPU
		{AFDE691E-07F4-44AD-B64B-025BCE3C1CC5}.Debug|Any CPU.Build.0 = Debug|Any CPU
		{AFDE691E-07F4-44AD-B64B-025BCE3C1CC5}.Release|Any CPU.ActiveCfg = Release|Any CPU
		{AFDE691E-07F4-44AD-B64B-025BCE3C1CC5}.Release|Any CPU.Build.0 = Release|Any CPU
	EndGlobalSection
	GlobalSection(SolutionProperties) = preSolution
		HideSolutionNode = FALSE
	EndGlobalSection
	GlobalSection(ExtensibilityGlobals) = postSolution
		SolutionGuid = {1075BE34-E5B7-45F8-9276-66EA8BED263C}
	EndGlobalSection
EndGlobal
