
Microsoft Visual Studio Solution File, Format Version 12.00
# Visual Studio Version 16
VisualStudioVersion = 16.0.29509.3
MinimumVisualStudioVersion = 10.0.40219.1
Project("{FAE04EC0-301F-11D3-BF4B-00C04F79EFBC}") = "OperadoresAritmeticos", "OperadoresAritmeticos\OperadoresAritmeticos.csproj", "{211963EF-AD1B-422A-94B5-4D2A1D9E7909}"
EndProject
Global
	GlobalSection(SolutionConfigurationPlatforms) = preSolution
		Debug|Any CPU = Debug|Any CPU
		Release|Any CPU = Release|Any CPU
	EndGlobalSection
	GlobalSection(ProjectConfigurationPlatforms) = postSolution
		{211963EF-AD1B-422A-94B5-4D2A1D9E7909}.Debug|Any CPU.ActiveCfg = Debug|Any CPU
		{211963EF-AD1B-422A-94B5-4D2A1D9E7909}.Debug|Any CPU.Build.0 = Debug|Any CPU
		{211963EF-AD1B-422A-94B5-4D2A1D9E7909}.Release|Any CPU.ActiveCfg = Release|Any CPU
		{211963EF-AD1B-422A-94B5-4D2A1D9E7909}.Release|Any CPU.Build.0 = Release|Any CPU
	EndGlobalSection
	GlobalSection(SolutionProperties) = preSolution
		HideSolutionNode = FALSE
	EndGlobalSection
	GlobalSection(ExtensibilityGlobals) = postSolution
		SolutionGuid = {ED776CD2-9D1C-45A4-BF4C-0EDB15AF15C1}
	EndGlobalSection
EndGlobal
