
Microsoft Visual Studio Solution File, Format Version 12.00
# Visual Studio Version 16
VisualStudioVersion = 16.0.29509.3
MinimumVisualStudioVersion = 10.0.40219.1
Project("{FAE04EC0-301F-11D3-BF4B-00C04F79EFBC}") = "ExericiosProgramacaoOrientadoObjetosExericios03", "ExericiosProgramacaoOrientadoObjetosExericios03\ExericiosProgramacaoOrientadoObjetosExericios03.csproj", "{FB1CC4D0-95F4-40F6-A546-CE6631AE7951}"
EndProject
Global
	GlobalSection(SolutionConfigurationPlatforms) = preSolution
		Debug|Any CPU = Debug|Any CPU
		Release|Any CPU = Release|Any CPU
	EndGlobalSection
	GlobalSection(ProjectConfigurationPlatforms) = postSolution
		{FB1CC4D0-95F4-40F6-A546-CE6631AE7951}.Debug|Any CPU.ActiveCfg = Debug|Any CPU
		{FB1CC4D0-95F4-40F6-A546-CE6631AE7951}.Debug|Any CPU.Build.0 = Debug|Any CPU
		{FB1CC4D0-95F4-40F6-A546-CE6631AE7951}.Release|Any CPU.ActiveCfg = Release|Any CPU
		{FB1CC4D0-95F4-40F6-A546-CE6631AE7951}.Release|Any CPU.Build.0 = Release|Any CPU
	EndGlobalSection
	GlobalSection(SolutionProperties) = preSolution
		HideSolutionNode = FALSE
	EndGlobalSection
	GlobalSection(ExtensibilityGlobals) = postSolution
		SolutionGuid = {E4DD6220-40BC-4FAD-A97A-C0DB1904D442}
	EndGlobalSection
EndGlobal
