
Microsoft Visual Studio Solution File, Format Version 12.00
# Visual Studio Version 16
VisualStudioVersion = 16.0.29509.3
MinimumVisualStudioVersion = 10.0.40219.1
Project("{FAE04EC0-301F-11D3-BF4B-00C04F79EFBC}") = "ExerciciosConjuntos", "ExerciciosConjuntos\ExerciciosConjuntos.csproj", "{D7F30A11-F89D-427F-A732-CDEF5561B233}"
EndProject
Global
	GlobalSection(SolutionConfigurationPlatforms) = preSolution
		Debug|Any CPU = Debug|Any CPU
		Release|Any CPU = Release|Any CPU
	EndGlobalSection
	GlobalSection(ProjectConfigurationPlatforms) = postSolution
		{D7F30A11-F89D-427F-A732-CDEF5561B233}.Debug|Any CPU.ActiveCfg = Debug|Any CPU
		{D7F30A11-F89D-427F-A732-CDEF5561B233}.Debug|Any CPU.Build.0 = Debug|Any CPU
		{D7F30A11-F89D-427F-A732-CDEF5561B233}.Release|Any CPU.ActiveCfg = Release|Any CPU
		{D7F30A11-F89D-427F-A732-CDEF5561B233}.Release|Any CPU.Build.0 = Release|Any CPU
	EndGlobalSection
	GlobalSection(SolutionProperties) = preSolution
		HideSolutionNode = FALSE
	EndGlobalSection
	GlobalSection(ExtensibilityGlobals) = postSolution
		SolutionGuid = {01E0E489-BB7D-47DC-B581-A2CABBA55C1A}
	EndGlobalSection
EndGlobal
