
Microsoft Visual Studio Solution File, Format Version 12.00
# Visual Studio Version 16
VisualStudioVersion = 16.0.29509.3
MinimumVisualStudioVersion = 10.0.40219.1
Project("{FAE04EC0-301F-11D3-BF4B-00C04F79EFBC}") = "ProgramacaoOrientadaExercicios1", "ProgramacaoOrientadaExercicios1\ProgramacaoOrientadaExercicios1.csproj", "{5F25885E-077C-4B2D-8740-5FCADB630D05}"
EndProject
Global
	GlobalSection(SolutionConfigurationPlatforms) = preSolution
		Debug|Any CPU = Debug|Any CPU
		Release|Any CPU = Release|Any CPU
	EndGlobalSection
	GlobalSection(ProjectConfigurationPlatforms) = postSolution
		{5F25885E-077C-4B2D-8740-5FCADB630D05}.Debug|Any CPU.ActiveCfg = Debug|Any CPU
		{5F25885E-077C-4B2D-8740-5FCADB630D05}.Debug|Any CPU.Build.0 = Debug|Any CPU
		{5F25885E-077C-4B2D-8740-5FCADB630D05}.Release|Any CPU.ActiveCfg = Release|Any CPU
		{5F25885E-077C-4B2D-8740-5FCADB630D05}.Release|Any CPU.Build.0 = Release|Any CPU
	EndGlobalSection
	GlobalSection(SolutionProperties) = preSolution
		HideSolutionNode = FALSE
	EndGlobalSection
	GlobalSection(ExtensibilityGlobals) = postSolution
		SolutionGuid = {5FDE9D29-5384-417E-B4D7-F30878A98192}
	EndGlobalSection
EndGlobal
